<?xml version="1.0" encoding="utf-8"?>
<Project ToolsVersion="4.0" xmlns="http://schemas.microsoft.com/developer/msbuild/2003">
  <ItemGroup>
    <ClCompile Include="Sources\Scene\PlayScene.cpp" />
    <ClCompile Include="Sources\Managers\UIManager.cpp" />
    <ClCompile Include="Sources\Scene\InventoryScene.cpp" />
    <ClCompile Include="Sources\Utils\button.cpp" />
    <ClCompile Include="Sources\Scene\EditingScene.cpp" />
    <ClCompile Include="Sources\Animation\AnimationClip.cpp" />
    <ClCompile Include="Sources\Animation\AnimationController.cpp" />
    <ClCompile Include="Sources\Scene\ManagerTestScene.cpp" />
    <ClCompile Include="Sources\Managers\SoundManager.cpp" />
    <ClCompile Include="Sources\Framework\Game.cpp" />
    <ClCompile Include="Sources\HollowKnight.cpp" />
    <ClCompile Include="Sources\Player\Player.cpp" />
    <ClCompile Include="Sources\Utils\Utility.cpp" />
    <ClCompile Include="Sources\Managers\ViewManager.cpp" />
    <ClCompile Include="Sources\Managers\TextureManager.cpp" />
    <ClCompile Include="Sources\Managers\InputManager.cpp" />
    <ClCompile Include="Sources\Managers\SceneManager.cpp" />
    <ClCompile Include="Sources\Scene\TitleScene.cpp" />
    <ClCompile Include="Sources\Utils\textureListBoxUI.cpp" />
    <ClCompile Include="Sources\Scene\TempUIScene.cpp" />
    <ClCompile Include="Sources\Maps\Town_Map.cpp" />
    <ClCompile Include="Sources\Maps\KingsPass_Map.cpp" />
    <ClCompile Include="Sources\Maps\CrossRoad_Map.cpp" />
    <ClCompile Include="Sources\Managers\MapManager.cpp" />
    <ClCompile Include="Sources\Scene\MapTestPlayScene.cpp" />
    <ClCompile Include="Sources\DemoTile.cpp" />
    <ClCompile Include="Sources\Managers\PlayerDataManager.cpp" />
    <ClCompile Include="Sources\Objects\GameObject.cpp" />
    <ClCompile Include="Sources\Objects\Moveable\Monster\tempMob.cpp" />
    <ClCompile Include="Sources\Objects\Stable\Ground.cpp" />
    <ClCompile Include="Sources\Objects\Moveable\Character.cpp" />
    <ClCompile Include="Sources\Objects\Moveable\Monster\Monster.cpp" />
    <ClCompile Include="Sources\Maps\Map.cpp" />
    <ClCompile Include="Sources\Objects\Stable\Stable.cpp" />
    <ClCompile Include="Sources\Objects\Stable\Portal.cpp" />
    <ClCompile Include="Sources\Items\Coin.cpp" />
    <ClCompile Include="Sources\Items\Item.cpp" />
    <ClCompile Include="Sources\Animation\EffectManager.cpp" />
    <ClCompile Include="Sources\Objects\Stable\BackgroundImages.cpp" />
    <ClCompile Include="Sources\Utils\Textbox.cpp" />
    <ClCompile Include="Sources\Objects\Stable\Bench.cpp" />
    <ClCompile Include="Sources\Scene\MapperScene.cpp" />
    <ClCompile Include="Sources\Objects\Moveable\Monster\Crawlid.cpp" />
    <ClCompile Include="Sources\Objects\Stable\KingsPassImages.cpp" />
    <ClCompile Include="Sources\Objects\Stable\Platform.cpp" />
    <ClCompile Include="Sources\Objects\Stable\Door.cpp" />
    <ClCompile Include="Sources\Objects\Stable\thorn.cpp" />
    <ClCompile Include="Sources\Objects\Stable\Wall.cpp" />
    <ClCompile Include="Sources\Objects\Stable\CrossRoadImages.cpp" />
    <ClCompile Include="Sources\Objects\Stable\BossRoomImages.cpp" />
    <ClCompile Include="Sources\Objects\Stable\Central.cpp" />
    <ClCompile Include="Sources\Objects\Collider.cpp" />
  </ItemGroup>
  <ItemGroup>
    <ClInclude Include="Sources\Scene\PlayScene.h" />
    <ClInclude Include="Sources\Utils\Inventory.h" />
    <ClInclude Include="Sources\Managers\PlayerDataManager.hpp" />
    <ClInclude Include="Sources\Objects\GameObject.hpp" />
    <ClInclude Include="Sources\Objects\Moveable\Monster\tempMob.hpp" />
    <ClInclude Include="Sources\Objects\Stable\Ground.hpp" />
    <ClInclude Include="Sources\Objects\Moveable\Character.hpp" />
    <ClInclude Include="Sources\Objects\Moveable\Monster\Monster.hpp" />
    <ClInclude Include="Sources\Objects\Stable\Stable.hpp" />
    <ClInclude Include="Sources\Objects\Stable\Portal.hpp" />
    <ClInclude Include="Sources\Items\Coin.hpp" />
    <ClInclude Include="Sources\Items\Item.hpp" />
    <ClInclude Include="Sources\Animation\EffectManager.hpp" />
    <ClInclude Include="Sources\Objects\Stable\BackgroundImages.hpp" />
    <ClInclude Include="Sources\Utils\Textbox.hpp" />
    <ClInclude Include="Sources\Objects\Stable\Bench.hpp" />
    <ClInclude Include="Sources\Scene\MapperScene.hpp" />
    <ClInclude Include="Sources\Objects\Moveable\Monster\Crawlid.hpp" />
    <ClInclude Include="Sources\Objects\Stable\KingsPassImages.hpp" />
    <ClInclude Include="Sources\Objects\Stable\Platform.hpp" />
    <ClInclude Include="Sources\Objects\Stable\Door.hpp" />
    <ClInclude Include="Sources\Objects\Stable\thorn.hpp" />
    <ClInclude Include="Sources\Objects\Stable\Wall.hpp" />
    <ClInclude Include="Sources\Objects\Stable\CrossRoadImages.hpp" />
    <ClInclude Include="Sources\Objects\Stable\BossRoomImages.hpp" />
    <ClInclude Include="Sources\Objects\Stable\Central.hpp" />
    <ClInclude Include="Sources\Objects\Collider.hpp" />
  </ItemGroup>
  <ItemGroup>
    <ClInclude Include="Sources\Scene\PlayScene.hpp" />
    <ClInclude Include="Sources\Scene\InventoryScene.hpp" />
    <ClInclude Include="Sources\Utils\button.hpp" />
    <ClInclude Include="Sources\Scene\EditingScene.hpp" />
    <ClInclude Include="Sources\Animation\AnimationClip.hpp" />
    <ClInclude Include="Sources\Animation\AnimationController.hpp" />
    <ClInclude Include="Sources\Animation\rapidcsv.hpp" />
    <ClInclude Include="Sources\Scene\ManagerTestScene.hpp" />
    <ClInclude Include="Sources\Managers\SoundManager.hpp" />
    <ClInclude Include="Sources\Player\Player.hpp" />
    <ClInclude Include="Sources\Scene\Scene.hpp" />
    <ClInclude Include="Sources\include\Singleton.hpp" />
    <ClInclude Include="Sources\Utils\Utility.hpp" />
    <ClInclude Include="Sources\Managers\ViewManager.hpp" />
    <ClInclude Include="Sources\Managers\TextureManager.hpp" />
    <ClInclude Include="Sources\Framework\Game.hpp" />
    <ClInclude Include="Sources\Managers\InputManager.hpp" />
    <ClInclude Include="Sources\Managers\SceneManager.hpp" />
    <ClInclude Include="Sources\Scene\TitleScene.hpp" />
    <ClInclude Include="Sources\Managers\UIManager.hpp" />
    <ClInclude Include="Sources\Utils\textureListBoxUI.hpp" />
    <ClInclude Include="Sources\Scene\TempUIScene.h" />
    <ClInclude Include="Sources\Maps\Map.hpp" />
    <ClInclude Include="Sources\Maps\Town_Map.hpp" />
    <ClInclude Include="Sources\Maps\KingsPass_Map.hpp" />
    <ClInclude Include="Sources\Maps\CrossRoad_Map.hpp" />
    <ClInclude Include="Sources\Managers\MapManager.hpp" />
    <ClInclude Include="Sources\Scene\MapTestPlayScene.hpp" />
    <ClInclude Include="Sources\DemoTile.hpp" />
  </ItemGroup>
</Project>